
Microsoft Visual Studio Solution File, Format Version 12.00
# Visual Studio 15
VisualStudioVersion = 15.0.26124.0
MinimumVisualStudioVersion = 15.0.26124.0
Project("{2150E333-8FDC-42A3-9474-1A3956D46DE8}") = "src", "src", "{D934A849-B242-4CDA-8DEB-ED3421F52126}"
EndProject
Project("{F2A71F9B-5D33-465A-A702-920D77279786}") = "Examples", "src\Examples\Examples.fsproj", "{89387189-299A-4A3F-BCCE-91A53121C83B}"
EndProject
Project("{2150E333-8FDC-42A3-9474-1A3956D46DE8}") = "test", "test", "{AE1F686E-DF84-4E4E-BC39-A15F7F04F124}"
EndProject
Project("{F2A71F9B-5D33-465A-A702-920D77279786}") = "Examples.Tests", "test\Examples.Tests\Examples.Tests.fsproj", "{E120A86C-89D4-48A4-B133-EBA40A778076}"
EndProject
Global
	GlobalSection(SolutionConfigurationPlatforms) = preSolution
		Debug|Any CPU = Debug|Any CPU
		Debug|x64 = Debug|x64
		Debug|x86 = Debug|x86
		Release|Any CPU = Release|Any CPU
		Release|x64 = Release|x64
		Release|x86 = Release|x86
	EndGlobalSection
	GlobalSection(SolutionProperties) = preSolution
		HideSolutionNode = FALSE
	EndGlobalSection
	GlobalSection(ProjectConfigurationPlatforms) = postSolution
		{89387189-299A-4A3F-BCCE-91A53121C83B}.Debug|Any CPU.ActiveCfg = Debug|Any CPU
		{89387189-299A-4A3F-BCCE-91A53121C83B}.Debug|Any CPU.Build.0 = Debug|Any CPU
		{89387189-299A-4A3F-BCCE-91A53121C83B}.Debug|x64.ActiveCfg = Debug|Any CPU
		{89387189-299A-4A3F-BCCE-91A53121C83B}.Debug|x64.Build.0 = Debug|Any CPU
		{89387189-299A-4A3F-BCCE-91A53121C83B}.Debug|x86.ActiveCfg = Debug|Any CPU
		{89387189-299A-4A3F-BCCE-91A53121C83B}.Debug|x86.Build.0 = Debug|Any CPU
		{89387189-299A-4A3F-BCCE-91A53121C83B}.Release|Any CPU.ActiveCfg = Release|Any CPU
		{89387189-299A-4A3F-BCCE-91A53121C83B}.Release|Any CPU.Build.0 = Release|Any CPU
		{89387189-299A-4A3F-BCCE-91A53121C83B}.Release|x64.ActiveCfg = Release|Any CPU
		{89387189-299A-4A3F-BCCE-91A53121C83B}.Release|x64.Build.0 = Release|Any CPU
		{89387189-299A-4A3F-BCCE-91A53121C83B}.Release|x86.ActiveCfg = Release|Any CPU
		{89387189-299A-4A3F-BCCE-91A53121C83B}.Release|x86.Build.0 = Release|Any CPU
		{E120A86C-89D4-48A4-B133-EBA40A778076}.Debug|Any CPU.ActiveCfg = Debug|Any CPU
		{E120A86C-89D4-48A4-B133-EBA40A778076}.Debug|Any CPU.Build.0 = Debug|Any CPU
		{E120A86C-89D4-48A4-B133-EBA40A778076}.Debug|x64.ActiveCfg = Debug|Any CPU
		{E120A86C-89D4-48A4-B133-EBA40A778076}.Debug|x64.Build.0 = Debug|Any CPU
		{E120A86C-89D4-48A4-B133-EBA40A778076}.Debug|x86.ActiveCfg = Debug|Any CPU
		{E120A86C-89D4-48A4-B133-EBA40A778076}.Debug|x86.Build.0 = Debug|Any CPU
		{E120A86C-89D4-48A4-B133-EBA40A778076}.Release|Any CPU.ActiveCfg = Release|Any CPU
		{E120A86C-89D4-48A4-B133-EBA40A778076}.Release|Any CPU.Build.0 = Release|Any CPU
		{E120A86C-89D4-48A4-B133-EBA40A778076}.Release|x64.ActiveCfg = Release|Any CPU
		{E120A86C-89D4-48A4-B133-EBA40A778076}.Release|x64.Build.0 = Release|Any CPU
		{E120A86C-89D4-48A4-B133-EBA40A778076}.Release|x86.ActiveCfg = Release|Any CPU
		{E120A86C-89D4-48A4-B133-EBA40A778076}.Release|x86.Build.0 = Release|Any CPU
	EndGlobalSection
	GlobalSection(NestedProjects) = preSolution
		{89387189-299A-4A3F-BCCE-91A53121C83B} = {D934A849-B242-4CDA-8DEB-ED3421F52126}
		{E120A86C-89D4-48A4-B133-EBA40A778076} = {AE1F686E-DF84-4E4E-BC39-A15F7F04F124}
	EndGlobalSection
EndGlobal
